
Microsoft Visual Studio Solution File, Format Version 12.00
# Visual Studio 15
VisualStudioVersion = 15.0.26730.16
MinimumVisualStudioVersion = 10.0.40219.1
Project("{FAE04EC0-301F-11D3-BF4B-00C04F79EFBC}") = "CPDivision.Services.Users", "CPDivision.Services.Users\CPDivision.Services.Users.csproj", "{FDF64C91-AAF9-403D-83ED-60B0F616E628}"
EndProject
Global
	GlobalSection(SolutionConfigurationPlatforms) = preSolution
		Debug|Any CPU = Debug|Any CPU
		Release|Any CPU = Release|Any CPU
	EndGlobalSection
	GlobalSection(ProjectConfigurationPlatforms) = postSolution
		{FDF64C91-AAF9-403D-83ED-60B0F616E628}.Debug|Any CPU.ActiveCfg = Debug|Any CPU
		{FDF64C91-AAF9-403D-83ED-60B0F616E628}.Debug|Any CPU.Build.0 = Debug|Any CPU
		{FDF64C91-AAF9-403D-83ED-60B0F616E628}.Release|Any CPU.ActiveCfg = Release|Any CPU
		{FDF64C91-AAF9-403D-83ED-60B0F616E628}.Release|Any CPU.Build.0 = Release|Any CPU
	EndGlobalSection
	GlobalSection(SolutionProperties) = preSolution
		HideSolutionNode = FALSE
	EndGlobalSection
	GlobalSection(ExtensibilityGlobals) = postSolution
		SolutionGuid = {8E7EF40D-CE98-46AC-AB65-FE682AEAEE6E}
	EndGlobalSection
EndGlobal
